// !$*UTF8*$!
{
	archiveVersion = 1;
	classes = {
	};
	objectVersion = 50;
	objects = {

/* Begin PBXBuildFile section */
		D32B83E5243B12B8000E3ACE /* MapView.swift in Sources */ = {isa = PBXBuildFile; fileRef = D32B83E4243B12B8000E3ACE /* MapView.swift */; };
		D347AFEF243B06A00078607D /* AppDelegate.swift in Sources */ = {isa = PBXBuildFile; fileRef = D347AFEE243B06A00078607D /* AppDelegate.swift */; };
		D347AFF1243B06A00078607D /* SceneDelegate.swift in Sources */ = {isa = PBXBuildFile; fileRef = D347AFF0243B06A00078607D /* SceneDelegate.swift */; };
		D347AFF3243B06A00078607D /* ContentView.swift in Sources */ = {isa = PBXBuildFile; fileRef = D347AFF2243B06A00078607D /* ContentView.swift */; };
		D347AFF5243B06A40078607D /* Assets.xcassets in Resources */ = {isa = PBXBuildFile; fileRef = D347AFF4243B06A40078607D /* Assets.xcassets */; };
		D347AFF8243B06A40078607D /* Preview Assets.xcassets in Resources */ = {isa = PBXBuildFile; fileRef = D347AFF7243B06A40078607D /* Preview Assets.xcassets */; };
		D347AFFB243B06A40078607D /* LaunchScreen.storyboard in Resources */ = {isa = PBXBuildFile; fileRef = D347AFF9243B06A40078607D /* LaunchScreen.storyboard */; };
		D347B003243B0BDC0078607D /* CircleImage.swift in Sources */ = {isa = PBXBuildFile; fileRef = D347B002243B0BDC0078607D /* CircleImage.swift */; };
		D37C91FF243B20C50079E106 /* LandmarkDetail.swift in Sources */ = {isa = PBXBuildFile; fileRef = D37C91FE243B20C50079E106 /* LandmarkDetail.swift */; };
		D37C9201243B22160079E106 /* LandmarkRow.swift in Sources */ = {isa = PBXBuildFile; fileRef = D37C9200243B22160079E106 /* LandmarkRow.swift */; };
		D37C921F243B273C0079E106 /* LandmarkList.swift in Sources */ = {isa = PBXBuildFile; fileRef = D37C921E243B273C0079E106 /* LandmarkList.swift */; };
		D3A477EF243B781500B7206B /* UserData.swift in Sources */ = {isa = PBXBuildFile; fileRef = D3A477EE243B781500B7206B /* UserData.swift */; };
		D3B041E4243B375A001D65A0 /* icybay.jpg in Resources */ = {isa = PBXBuildFile; fileRef = D3B041D7243B3759001D65A0 /* icybay.jpg */; };
		D3B041E5243B375A001D65A0 /* stmarylake.jpg in Resources */ = {isa = PBXBuildFile; fileRef = D3B041D8243B3759001D65A0 /* stmarylake.jpg */; };
		D3B041E6243B375A001D65A0 /* rainbowlake.jpg in Resources */ = {isa = PBXBuildFile; fileRef = D3B041D9243B3759001D65A0 /* rainbowlake.jpg */; };
		D3B041E7243B375A001D65A0 /* silversalmoncreek.jpg in Resources */ = {isa = PBXBuildFile; fileRef = D3B041DA243B3759001D65A0 /* silversalmoncreek.jpg */; };
		D3B041E8243B375A001D65A0 /* turtlerock.jpg in Resources */ = {isa = PBXBuildFile; fileRef = D3B041DB243B3759001D65A0 /* turtlerock.jpg */; };
		D3B041E9243B375A001D65A0 /* chilkoottrail.jpg in Resources */ = {isa = PBXBuildFile; fileRef = D3B041DC243B3759001D65A0 /* chilkoottrail.jpg */; };
		D3B041EA243B375A001D65A0 /* umbagog.jpg in Resources */ = {isa = PBXBuildFile; fileRef = D3B041DD243B3759001D65A0 /* umbagog.jpg */; };
		D3B041EB243B375A001D65A0 /* lakemcdonald.jpg in Resources */ = {isa = PBXBuildFile; fileRef = D3B041DE243B3759001D65A0 /* lakemcdonald.jpg */; };
		D3B041EC243B375A001D65A0 /* hiddenlake.jpg in Resources */ = {isa = PBXBuildFile; fileRef = D3B041DF243B3759001D65A0 /* hiddenlake.jpg */; };
		D3B041ED243B375A001D65A0 /* twinlake.jpg in Resources */ = {isa = PBXBuildFile; fileRef = D3B041E0243B375A001D65A0 /* twinlake.jpg */; };
		D3B041EE243B375A001D65A0 /* charleyrivers.jpg in Resources */ = {isa = PBXBuildFile; fileRef = D3B041E1243B375A001D65A0 /* charleyrivers.jpg */; };
		D3B041F0243B375A001D65A0 /* chincoteague.jpg in Resources */ = {isa = PBXBuildFile; fileRef = D3B041E3243B375A001D65A0 /* chincoteague.jpg */; };
		D3B041F2243B37DA001D65A0 /* landmarkData.json in Resources */ = {isa = PBXBuildFile; fileRef = D3B041F1243B37DA001D65A0 /* landmarkData.json */; };
		D3F3C01B243C066B00AAF36B /* Home.swift in Sources */ = {isa = PBXBuildFile; fileRef = D3F3C01A243C066B00AAF36B /* Home.swift */; };
		D3F3C01D243C098400AAF36B /* CategoryRow.swift in Sources */ = {isa = PBXBuildFile; fileRef = D3F3C01C243C098400AAF36B /* CategoryRow.swift */; };
		D3F3C01F243C0E7400AAF36B /* CategoryItem.swift in Sources */ = {isa = PBXBuildFile; fileRef = D3F3C01E243C0E7400AAF36B /* CategoryItem.swift */; };
		D3F3C021243C101400AAF36B /* FeaturedLandmarks.swift in Sources */ = {isa = PBXBuildFile; fileRef = D3F3C020243C101400AAF36B /* FeaturedLandmarks.swift */; };
		D3F3C023243C115900AAF36B /* Landmark.swift in Sources */ = {isa = PBXBuildFile; fileRef = D3F3C022243C115900AAF36B /* Landmark.swift */; };
		D3F3C025243C115E00AAF36B /* Data.swift in Sources */ = {isa = PBXBuildFile; fileRef = D3F3C024243C115E00AAF36B /* Data.swift */; };
		D3F3C027243C123D00AAF36B /* Hike.swift in Sources */ = {isa = PBXBuildFile; fileRef = D3F3C026243C123D00AAF36B /* Hike.swift */; };
		D3F3C02A243C1AC300AAF36B /* ProfileHost.swift in Sources */ = {isa = PBXBuildFile; fileRef = D3F3C029243C1AC300AAF36B /* ProfileHost.swift */; };
		D3F3C02C243C1C0900AAF36B /* Profile.swift in Sources */ = {isa = PBXBuildFile; fileRef = D3F3C02B243C1C0900AAF36B /* Profile.swift */; };
		D3F3C02E243C1DF700AAF36B /* ProfileSummary.swift in Sources */ = {isa = PBXBuildFile; fileRef = D3F3C02D243C1DF700AAF36B /* ProfileSummary.swift */; };
		D3F3C031243C220B00AAF36B /* Badge.swift in Sources */ = {isa = PBXBuildFile; fileRef = D3F3C030243C220B00AAF36B /* Badge.swift */; };
		D3F3C035243C226300AAF36B /* HexagonParameters.swift in Sources */ = {isa = PBXBuildFile; fileRef = D3F3C034243C226300AAF36B /* HexagonParameters.swift */; };
		D3F3C037243C282600AAF36B /* HikeBadge.swift in Sources */ = {isa = PBXBuildFile; fileRef = D3F3C036243C282600AAF36B /* HikeBadge.swift */; };
		D3F3C03A243C2B3500AAF36B /* HikeView.swift in Sources */ = {isa = PBXBuildFile; fileRef = D3F3C039243C2B3500AAF36B /* HikeView.swift */; };
		D3F3C03C243C30BD00AAF36B /* ProfileEditor.swift in Sources */ = {isa = PBXBuildFile; fileRef = D3F3C03B243C30BD00AAF36B /* ProfileEditor.swift */; };
/* End PBXBuildFile section */

/* Begin PBXFileReference section */
		D32B83E4243B12B8000E3ACE /* MapView.swift */ = {isa = PBXFileReference; lastKnownFileType = sourcecode.swift; path = MapView.swift; sourceTree = "<group>"; };
		D347AFEB243B06A00078607D /* Landmarks.app */ = {isa = PBXFileReference; explicitFileType = wrapper.application; includeInIndex = 0; path = Landmarks.app; sourceTree = BUILT_PRODUCTS_DIR; };
		D347AFEE243B06A00078607D /* AppDelegate.swift */ = {isa = PBXFileReference; lastKnownFileType = sourcecode.swift; path = AppDelegate.swift; sourceTree = "<group>"; };
		D347AFF0243B06A00078607D /* SceneDelegate.swift */ = {isa = PBXFileReference; lastKnownFileType = sourcecode.swift; path = SceneDelegate.swift; sourceTree = "<group>"; };
		D347AFF2243B06A00078607D /* ContentView.swift */ = {isa = PBXFileReference; lastKnownFileType = sourcecode.swift; path = ContentView.swift; sourceTree = "<group>"; };
		D347AFF4243B06A40078607D /* Assets.xcassets */ = {isa = PBXFileReference; lastKnownFileType = folder.assetcatalog; path = Assets.xcassets; sourceTree = "<group>"; };
		D347AFF7243B06A40078607D /* Preview Assets.xcassets */ = {isa = PBXFileReference; lastKnownFileType = folder.assetcatalog; path = "Preview Assets.xcassets"; sourceTree = "<group>"; };
		D347AFFA243B06A40078607D /* Base */ = {isa = PBXFileReference; lastKnownFileType = file.storyboard; name = Base; path = Base.lproj/LaunchScreen.storyboard; sourceTree = "<group>"; };
		D347AFFC243B06A40078607D /* Info.plist */ = {isa = PBXFileReference; lastKnownFileType = text.plist.xml; path = Info.plist; sourceTree = "<group>"; };
		D347B002243B0BDC0078607D /* CircleImage.swift */ = {isa = PBXFileReference; lastKnownFileType = sourcecode.swift; path = CircleImage.swift; sourceTree = "<group>"; };
		D37C91FE243B20C50079E106 /* LandmarkDetail.swift */ = {isa = PBXFileReference; lastKnownFileType = sourcecode.swift; path = LandmarkDetail.swift; sourceTree = "<group>"; };
		D37C9200243B22160079E106 /* LandmarkRow.swift */ = {isa = PBXFileReference; lastKnownFileType = sourcecode.swift; path = LandmarkRow.swift; sourceTree = "<group>"; };
		D37C921E243B273C0079E106 /* LandmarkList.swift */ = {isa = PBXFileReference; lastKnownFileType = sourcecode.swift; path = LandmarkList.swift; sourceTree = "<group>"; };
		D3A477EE243B781500B7206B /* UserData.swift */ = {isa = PBXFileReference; lastKnownFileType = sourcecode.swift; path = UserData.swift; sourceTree = "<group>"; };
		D3B041D7243B3759001D65A0 /* icybay.jpg */ = {isa = PBXFileReference; lastKnownFileType = image.jpeg; name = icybay.jpg; path = ../../../../../Downloads/HandlingUserInput/Complete/Landmarks/Landmarks/Resources/icybay.jpg; sourceTree = "<group>"; };
		D3B041D8243B3759001D65A0 /* stmarylake.jpg */ = {isa = PBXFileReference; lastKnownFileType = image.jpeg; name = stmarylake.jpg; path = ../../../../../Downloads/HandlingUserInput/Complete/Landmarks/Landmarks/Resources/stmarylake.jpg; sourceTree = "<group>"; };
		D3B041D9243B3759001D65A0 /* rainbowlake.jpg */ = {isa = PBXFileReference; lastKnownFileType = image.jpeg; name = rainbowlake.jpg; path = ../../../../../Downloads/HandlingUserInput/Complete/Landmarks/Landmarks/Resources/rainbowlake.jpg; sourceTree = "<group>"; };
		D3B041DA243B3759001D65A0 /* silversalmoncreek.jpg */ = {isa = PBXFileReference; lastKnownFileType = image.jpeg; name = silversalmoncreek.jpg; path = ../../../../../Downloads/HandlingUserInput/Complete/Landmarks/Landmarks/Resources/silversalmoncreek.jpg; sourceTree = "<group>"; };
		D3B041DB243B3759001D65A0 /* turtlerock.jpg */ = {isa = PBXFileReference; lastKnownFileType = image.jpeg; name = turtlerock.jpg; path = ../../../../../Downloads/HandlingUserInput/Complete/Landmarks/Landmarks/Resources/turtlerock.jpg; sourceTree = "<group>"; };
		D3B041DC243B3759001D65A0 /* chilkoottrail.jpg */ = {isa = PBXFileReference; lastKnownFileType = image.jpeg; name = chilkoottrail.jpg; path = ../../../../../Downloads/HandlingUserInput/Complete/Landmarks/Landmarks/Resources/chilkoottrail.jpg; sourceTree = "<group>"; };
		D3B041DD243B3759001D65A0 /* umbagog.jpg */ = {isa = PBXFileReference; lastKnownFileType = image.jpeg; name = umbagog.jpg; path = ../../../../../Downloads/HandlingUserInput/Complete/Landmarks/Landmarks/Resources/umbagog.jpg; sourceTree = "<group>"; };
		D3B041DE243B3759001D65A0 /* lakemcdonald.jpg */ = {isa = PBXFileReference; lastKnownFileType = image.jpeg; name = lakemcdonald.jpg; path = ../../../../../Downloads/HandlingUserInput/Complete/Landmarks/Landmarks/Resources/lakemcdonald.jpg; sourceTree = "<group>"; };
		D3B041DF243B3759001D65A0 /* hiddenlake.jpg */ = {isa = PBXFileReference; lastKnownFileType = image.jpeg; name = hiddenlake.jpg; path = ../../../../../Downloads/HandlingUserInput/Complete/Landmarks/Landmarks/Resources/hiddenlake.jpg; sourceTree = "<group>"; };
		D3B041E0243B375A001D65A0 /* twinlake.jpg */ = {isa = PBXFileReference; lastKnownFileType = image.jpeg; name = twinlake.jpg; path = ../../../../../Downloads/HandlingUserInput/Complete/Landmarks/Landmarks/Resources/twinlake.jpg; sourceTree = "<group>"; };
		D3B041E1243B375A001D65A0 /* charleyrivers.jpg */ = {isa = PBXFileReference; lastKnownFileType = image.jpeg; name = charleyrivers.jpg; path = ../../../../../Downloads/HandlingUserInput/Complete/Landmarks/Landmarks/Resources/charleyrivers.jpg; sourceTree = "<group>"; };
		D3B041E3243B375A001D65A0 /* chincoteague.jpg */ = {isa = PBXFileReference; lastKnownFileType = image.jpeg; name = chincoteague.jpg; path = ../../../../../Downloads/HandlingUserInput/Complete/Landmarks/Landmarks/Resources/chincoteague.jpg; sourceTree = "<group>"; };
		D3B041F1243B37DA001D65A0 /* landmarkData.json */ = {isa = PBXFileReference; fileEncoding = 4; lastKnownFileType = text.json; name = landmarkData.json; path = ../../../../../Downloads/HandlingUserInput/Complete/Landmarks/Landmarks/Resources/landmarkData.json; sourceTree = "<group>"; };
		D3F3C01A243C066B00AAF36B /* Home.swift */ = {isa = PBXFileReference; lastKnownFileType = sourcecode.swift; path = Home.swift; sourceTree = "<group>"; };
		D3F3C01C243C098400AAF36B /* CategoryRow.swift */ = {isa = PBXFileReference; lastKnownFileType = sourcecode.swift; path = CategoryRow.swift; sourceTree = "<group>"; };
		D3F3C01E243C0E7400AAF36B /* CategoryItem.swift */ = {isa = PBXFileReference; lastKnownFileType = sourcecode.swift; path = CategoryItem.swift; sourceTree = "<group>"; };
		D3F3C020243C101400AAF36B /* FeaturedLandmarks.swift */ = {isa = PBXFileReference; lastKnownFileType = sourcecode.swift; path = FeaturedLandmarks.swift; sourceTree = "<group>"; };
		D3F3C022243C115900AAF36B /* Landmark.swift */ = {isa = PBXFileReference; fileEncoding = 4; lastKnownFileType = sourcecode.swift; name = Landmark.swift; path = ../../../../../Downloads/ComposingComplexInterfaces/Complete/Landmarks/Landmarks/Models/Landmark.swift; sourceTree = "<group>"; };
		D3F3C024243C115E00AAF36B /* Data.swift */ = {isa = PBXFileReference; fileEncoding = 4; lastKnownFileType = sourcecode.swift; name = Data.swift; path = ../../../../../Downloads/ComposingComplexInterfaces/Complete/Landmarks/Landmarks/Models/Data.swift; sourceTree = "<group>"; };
		D3F3C026243C123D00AAF36B /* Hike.swift */ = {isa = PBXFileReference; fileEncoding = 4; lastKnownFileType = sourcecode.swift; name = Hike.swift; path = ../../../../../Downloads/ComposingComplexInterfaces/Complete/Landmarks/Landmarks/Models/Hike.swift; sourceTree = "<group>"; };
		D3F3C029243C1AC300AAF36B /* ProfileHost.swift */ = {isa = PBXFileReference; lastKnownFileType = sourcecode.swift; path = ProfileHost.swift; sourceTree = "<group>"; };
		D3F3C02B243C1C0900AAF36B /* Profile.swift */ = {isa = PBXFileReference; fileEncoding = 4; lastKnownFileType = sourcecode.swift; name = Profile.swift; path = ../../../../../Downloads/WorkingWithUIControls/Complete/Landmarks/Landmarks/Models/Profile.swift; sourceTree = "<group>"; };
		D3F3C02D243C1DF700AAF36B /* ProfileSummary.swift */ = {isa = PBXFileReference; lastKnownFileType = sourcecode.swift; path = ProfileSummary.swift; sourceTree = "<group>"; };
		D3F3C030243C220B00AAF36B /* Badge.swift */ = {isa = PBXFileReference; lastKnownFileType = sourcecode.swift; path = Badge.swift; sourceTree = "<group>"; };
		D3F3C034243C226300AAF36B /* HexagonParameters.swift */ = {isa = PBXFileReference; lastKnownFileType = sourcecode.swift; path = HexagonParameters.swift; sourceTree = "<group>"; };
		D3F3C036243C282600AAF36B /* HikeBadge.swift */ = {isa = PBXFileReference; lastKnownFileType = sourcecode.swift; path = HikeBadge.swift; sourceTree = "<group>"; };
		D3F3C039243C2B3500AAF36B /* HikeView.swift */ = {isa = PBXFileReference; lastKnownFileType = sourcecode.swift; path = HikeView.swift; sourceTree = "<group>"; };
		D3F3C03B243C30BD00AAF36B /* ProfileEditor.swift */ = {isa = PBXFileReference; lastKnownFileType = sourcecode.swift; path = ProfileEditor.swift; sourceTree = "<group>"; };
/* End PBXFileReference section */

/* Begin PBXFrameworksBuildPhase section */
		D347AFE8243B06A00078607D /* Frameworks */ = {
			isa = PBXFrameworksBuildPhase;
			buildActionMask = 2147483647;
			files = (
			);
			runOnlyForDeploymentPostprocessing = 0;
		};
/* End PBXFrameworksBuildPhase section */

/* Begin PBXGroup section */
		D32B83E8243B1CFC000E3ACE /* Models */ = {
			isa = PBXGroup;
			children = (
				D3F3C02B243C1C0900AAF36B /* Profile.swift */,
				D3F3C026243C123D00AAF36B /* Hike.swift */,
				D3F3C024243C115E00AAF36B /* Data.swift */,
				D3F3C022243C115900AAF36B /* Landmark.swift */,
				D3A477EE243B781500B7206B /* UserData.swift */,
			);
			path = Models;
			sourceTree = "<group>";
		};
		D32B83E9243B1D43000E3ACE /* Resources */ = {
			isa = PBXGroup;
			children = (
				D3B041F1243B37DA001D65A0 /* landmarkData.json */,
				D3B041E1243B375A001D65A0 /* charleyrivers.jpg */,
				D3B041DC243B3759001D65A0 /* chilkoottrail.jpg */,
				D3B041E3243B375A001D65A0 /* chincoteague.jpg */,
				D3B041DF243B3759001D65A0 /* hiddenlake.jpg */,
				D3B041D7243B3759001D65A0 /* icybay.jpg */,
				D3B041DE243B3759001D65A0 /* lakemcdonald.jpg */,
				D3B041D9243B3759001D65A0 /* rainbowlake.jpg */,
				D3B041DA243B3759001D65A0 /* silversalmoncreek.jpg */,
				D3B041D8243B3759001D65A0 /* stmarylake.jpg */,
				D3B041DB243B3759001D65A0 /* turtlerock.jpg */,
				D3B041E0243B375A001D65A0 /* twinlake.jpg */,
				D3B041DD243B3759001D65A0 /* umbagog.jpg */,
			);
			path = Resources;
			sourceTree = "<group>";
		};
		D347AFE2243B06A00078607D = {
			isa = PBXGroup;
			children = (
				D347AFED243B06A00078607D /* Landmarks */,
				D347AFEC243B06A00078607D /* Products */,
			);
			sourceTree = "<group>";
		};
		D347AFEC243B06A00078607D /* Products */ = {
			isa = PBXGroup;
			children = (
				D347AFEB243B06A00078607D /* Landmarks.app */,
			);
			name = Products;
			sourceTree = "<group>";
		};
		D347AFED243B06A00078607D /* Landmarks */ = {
			isa = PBXGroup;
			children = (
				D3F3C038243C2B1E00AAF36B /* Animation */,
				D3F3C02F243C21FB00AAF36B /* Badge */,
				D3F3C028243C1A8500AAF36B /* Profile */,
				D32B83E9243B1D43000E3ACE /* Resources */,
				D32B83E8243B1CFC000E3ACE /* Models */,
				D347AFEE243B06A00078607D /* AppDelegate.swift */,
				D347AFF0243B06A00078607D /* SceneDelegate.swift */,
				D347AFF2243B06A00078607D /* ContentView.swift */,
				D347AFF4243B06A40078607D /* Assets.xcassets */,
				D347AFF9243B06A40078607D /* LaunchScreen.storyboard */,
				D347AFFC243B06A40078607D /* Info.plist */,
				D347AFF6243B06A40078607D /* Preview Content */,
				D347B002243B0BDC0078607D /* CircleImage.swift */,
				D32B83E4243B12B8000E3ACE /* MapView.swift */,
				D37C91FE243B20C50079E106 /* LandmarkDetail.swift */,
				D37C9200243B22160079E106 /* LandmarkRow.swift */,
				D37C921E243B273C0079E106 /* LandmarkList.swift */,
				D3F3C01A243C066B00AAF36B /* Home.swift */,
				D3F3C01C243C098400AAF36B /* CategoryRow.swift */,
				D3F3C01E243C0E7400AAF36B /* CategoryItem.swift */,
				D3F3C020243C101400AAF36B /* FeaturedLandmarks.swift */,
			);
			path = Landmarks;
			sourceTree = "<group>";
		};
		D347AFF6243B06A40078607D /* Preview Content */ = {
			isa = PBXGroup;
			children = (
				D347AFF7243B06A40078607D /* Preview Assets.xcassets */,
			);
			path = "Preview Content";
			sourceTree = "<group>";
		};
		D3F3C028243C1A8500AAF36B /* Profile */ = {
			isa = PBXGroup;
			children = (
				D3F3C029243C1AC300AAF36B /* ProfileHost.swift */,
				D3F3C02D243C1DF700AAF36B /* ProfileSummary.swift */,
				D3F3C036243C282600AAF36B /* HikeBadge.swift */,
				D3F3C03B243C30BD00AAF36B /* ProfileEditor.swift */,
			);
			path = Profile;
			sourceTree = "<group>";
		};
		D3F3C02F243C21FB00AAF36B /* Badge */ = {
			isa = PBXGroup;
			children = (
				D3F3C030243C220B00AAF36B /* Badge.swift */,
				D3F3C034243C226300AAF36B /* HexagonParameters.swift */,
			);
			path = Badge;
			sourceTree = "<group>";
		};
		D3F3C038243C2B1E00AAF36B /* Animation */ = {
			isa = PBXGroup;
			children = (
				D3F3C039243C2B3500AAF36B /* HikeView.swift */,
			);
			path = Animation;
			sourceTree = "<group>";
		};
/* End PBXGroup section */

/* Begin PBXNativeTarget section */
		D347AFEA243B06A00078607D /* Landmarks */ = {
			isa = PBXNativeTarget;
			buildConfigurationList = D347AFFF243B06A40078607D /* Build configuration list for PBXNativeTarget "Landmarks" */;
			buildPhases = (
				D347AFE7243B06A00078607D /* Sources */,
				D347AFE8243B06A00078607D /* Frameworks */,
				D347AFE9243B06A00078607D /* Resources */,
			);
			buildRules = (
			);
			dependencies = (
			);
			name = Landmarks;
			productName = Landmarks;
			productReference = D347AFEB243B06A00078607D /* Landmarks.app */;
			productType = "com.apple.product-type.application";
		};
/* End PBXNativeTarget section */

/* Begin PBXProject section */
		D347AFE3243B06A00078607D /* Project object */ = {
			isa = PBXProject;
			attributes = {
				LastSwiftUpdateCheck = 1140;
				LastUpgradeCheck = 1140;
				ORGANIZATIONNAME = tvphuoc;
				TargetAttributes = {
					D347AFEA243B06A00078607D = {
						CreatedOnToolsVersion = 11.4;
					};
				};
			};
			buildConfigurationList = D347AFE6243B06A00078607D /* Build configuration list for PBXProject "Landmarks" */;
			compatibilityVersion = "Xcode 9.3";
			developmentRegion = en;
			hasScannedForEncodings = 0;
			knownRegions = (
				en,
				Base,
			);
			mainGroup = D347AFE2243B06A00078607D;
			productRefGroup = D347AFEC243B06A00078607D /* Products */;
			projectDirPath = "";
			projectRoot = "";
			targets = (
				D347AFEA243B06A00078607D /* Landmarks */,
			);
		};
/* End PBXProject section */

/* Begin PBXResourcesBuildPhase section */
		D347AFE9243B06A00078607D /* Resources */ = {
			isa = PBXResourcesBuildPhase;
			buildActionMask = 2147483647;
			files = (
				D3B041EE243B375A001D65A0 /* charleyrivers.jpg in Resources */,
				D3B041E6243B375A001D65A0 /* rainbowlake.jpg in Resources */,
				D3B041EC243B375A001D65A0 /* hiddenlake.jpg in Resources */,
				D3B041E5243B375A001D65A0 /* stmarylake.jpg in Resources */,
				D3B041E8243B375A001D65A0 /* turtlerock.jpg in Resources */,
				D3B041ED243B375A001D65A0 /* twinlake.jpg in Resources */,
				D3B041E9243B375A001D65A0 /* chilkoottrail.jpg in Resources */,
				D347AFFB243B06A40078607D /* LaunchScreen.storyboard in Resources */,
				D347AFF8243B06A40078607D /* Preview Assets.xcassets in Resources */,
				D3B041EB243B375A001D65A0 /* lakemcdonald.jpg in Resources */,
				D3B041E7243B375A001D65A0 /* silversalmoncreek.jpg in Resources */,
				D3B041E4243B375A001D65A0 /* icybay.jpg in Resources */,
				D3B041EA243B375A001D65A0 /* umbagog.jpg in Resources */,
				D3B041F2243B37DA001D65A0 /* landmarkData.json in Resources */,
				D3B041F0243B375A001D65A0 /* chincoteague.jpg in Resources */,
				D347AFF5243B06A40078607D /* Assets.xcassets in Resources */,
			);
			runOnlyForDeploymentPostprocessing = 0;
		};
/* End PBXResourcesBuildPhase section */

/* Begin PBXSourcesBuildPhase section */
		D347AFE7243B06A00078607D /* Sources */ = {
			isa = PBXSourcesBuildPhase;
			buildActionMask = 2147483647;
			files = (
				D3F3C035243C226300AAF36B /* HexagonParameters.swift in Sources */,
				D3F3C02A243C1AC300AAF36B /* ProfileHost.swift in Sources */,
				D3F3C031243C220B00AAF36B /* Badge.swift in Sources */,
				D347AFEF243B06A00078607D /* AppDelegate.swift in Sources */,
				D3F3C025243C115E00AAF36B /* Data.swift in Sources */,
				D347B003243B0BDC0078607D /* CircleImage.swift in Sources */,
				D32B83E5243B12B8000E3ACE /* MapView.swift in Sources */,
				D347AFF1243B06A00078607D /* SceneDelegate.swift in Sources */,
				D3A477EF243B781500B7206B /* UserData.swift in Sources */,
				D3F3C02C243C1C0900AAF36B /* Profile.swift in Sources */,
				D3F3C027243C123D00AAF36B /* Hike.swift in Sources */,
				D3F3C021243C101400AAF36B /* FeaturedLandmarks.swift in Sources */,
				D3F3C037243C282600AAF36B /* HikeBadge.swift in Sources */,
				D3F3C01D243C098400AAF36B /* CategoryRow.swift in Sources */,
				D3F3C03C243C30BD00AAF36B /* ProfileEditor.swift in Sources */,
				D3F3C023243C115900AAF36B /* Landmark.swift in Sources */,
				D3F3C03A243C2B3500AAF36B /* HikeView.swift in Sources */,
				D347AFF3243B06A00078607D /* ContentView.swift in Sources */,
				D37C9201243B22160079E106 /* LandmarkRow.swift in Sources */,
				D37C91FF243B20C50079E106 /* LandmarkDetail.swift in Sources */,
				D3F3C01F243C0E7400AAF36B /* CategoryItem.swift in Sources */,
				D37C921F243B273C0079E106 /* LandmarkList.swift in Sources */,
				D3F3C02E243C1DF700AAF36B /* ProfileSummary.swift in Sources */,
				D3F3C01B243C066B00AAF36B /* Home.swift in Sources */,
			);
			runOnlyForDeploymentPostprocessing = 0;
		};
/* End PBXSourcesBuildPhase section */

/* Begin PBXVariantGroup section */
		D347AFF9243B06A40078607D /* LaunchScreen.storyboard */ = {
			isa = PBXVariantGroup;
			children = (
				D347AFFA243B06A40078607D /* Base */,
			);
			name = LaunchScreen.storyboard;
			sourceTree = "<group>";
		};
/* End PBXVariantGroup section */

/* Begin XCBuildConfiguration section */
		D347AFFD243B06A40078607D /* Debug */ = {
			isa = XCBuildConfiguration;
			buildSettings = {
				ALWAYS_SEARCH_USER_PATHS = NO;
				CLANG_ANALYZER_NONNULL = YES;
				CLANG_ANALYZER_NUMBER_OBJECT_CONVERSION = YES_AGGRESSIVE;
				CLANG_CXX_LANGUAGE_STANDARD = "gnu++14";
				CLANG_CXX_LIBRARY = "libc++";
				CLANG_ENABLE_MODULES = YES;
				CLANG_ENABLE_OBJC_ARC = YES;
				CLANG_ENABLE_OBJC_WEAK = YES;
				CLANG_WARN_BLOCK_CAPTURE_AUTORELEASING = YES;
				CLANG_WARN_BOOL_CONVERSION = YES;
				CLANG_WARN_COMMA = YES;
				CLANG_WARN_CONSTANT_CONVERSION = YES;
				CLANG_WARN_DEPRECATED_OBJC_IMPLEMENTATIONS = YES;
				CLANG_WARN_DIRECT_OBJC_ISA_USAGE = YES_ERROR;
				CLANG_WARN_DOCUMENTATION_COMMENTS = YES;
				CLANG_WARN_EMPTY_BODY = YES;
				CLANG_WARN_ENUM_CONVERSION = YES;
				CLANG_WARN_INFINITE_RECURSION = YES;
				CLANG_WARN_INT_CONVERSION = YES;
				CLANG_WARN_NON_LITERAL_NULL_CONVERSION = YES;
				CLANG_WARN_OBJC_IMPLICIT_RETAIN_SELF = YES;
				CLANG_WARN_OBJC_LITERAL_CONVERSION = YES;
				CLANG_WARN_OBJC_ROOT_CLASS = YES_ERROR;
				CLANG_WARN_RANGE_LOOP_ANALYSIS = YES;
				CLANG_WARN_STRICT_PROTOTYPES = YES;
				CLANG_WARN_SUSPICIOUS_MOVE = YES;
				CLANG_WARN_UNGUARDED_AVAILABILITY = YES_AGGRESSIVE;
				CLANG_WARN_UNREACHABLE_CODE = YES;
				CLANG_WARN__DUPLICATE_METHOD_MATCH = YES;
				COPY_PHASE_STRIP = NO;
				DEBUG_INFORMATION_FORMAT = dwarf;
				ENABLE_STRICT_OBJC_MSGSEND = YES;
				ENABLE_TESTABILITY = YES;
				GCC_C_LANGUAGE_STANDARD = gnu11;
				GCC_DYNAMIC_NO_PIC = NO;
				GCC_NO_COMMON_BLOCKS = YES;
				GCC_OPTIMIZATION_LEVEL = 0;
				GCC_PREPROCESSOR_DEFINITIONS = (
					"DEBUG=1",
					"$(inherited)",
				);
				GCC_WARN_64_TO_32_BIT_CONVERSION = YES;
				GCC_WARN_ABOUT_RETURN_TYPE = YES_ERROR;
				GCC_WARN_UNDECLARED_SELECTOR = YES;
				GCC_WARN_UNINITIALIZED_AUTOS = YES_AGGRESSIVE;
				GCC_WARN_UNUSED_FUNCTION = YES;
				GCC_WARN_UNUSED_VARIABLE = YES;
				IPHONEOS_DEPLOYMENT_TARGET = 13.4;
				MTL_ENABLE_DEBUG_INFO = INCLUDE_SOURCE;
				MTL_FAST_MATH = YES;
				ONLY_ACTIVE_ARCH = YES;
				SDKROOT = iphoneos;
				SWIFT_ACTIVE_COMPILATION_CONDITIONS = DEBUG;
				SWIFT_OPTIMIZATION_LEVEL = "-Onone";
			};
			name = Debug;
		};
		D347AFFE243B06A40078607D /* Release */ = {
			isa = XCBuildConfiguration;
			buildSettings = {
				ALWAYS_SEARCH_USER_PATHS = NO;
				CLANG_ANALYZER_NONNULL = YES;
				CLANG_ANALYZER_NUMBER_OBJECT_CONVERSION = YES_AGGRESSIVE;
				CLANG_CXX_LANGUAGE_STANDARD = "gnu++14";
				CLANG_CXX_LIBRARY = "libc++";
				CLANG_ENABLE_MODULES = YES;
				CLANG_ENABLE_OBJC_ARC = YES;
				CLANG_ENABLE_OBJC_WEAK = YES;
				CLANG_WARN_BLOCK_CAPTURE_AUTORELEASING = YES;
				CLANG_WARN_BOOL_CONVERSION = YES;
				CLANG_WARN_COMMA = YES;
				CLANG_WARN_CONSTANT_CONVERSION = YES;
				CLANG_WARN_DEPRECATED_OBJC_IMPLEMENTATIONS = YES;
				CLANG_WARN_DIRECT_OBJC_ISA_USAGE = YES_ERROR;
				CLANG_WARN_DOCUMENTATION_COMMENTS = YES;
				CLANG_WARN_EMPTY_BODY = YES;
				CLANG_WARN_ENUM_CONVERSION = YES;
				CLANG_WARN_INFINITE_RECURSION = YES;
				CLANG_WARN_INT_CONVERSION = YES;
				CLANG_WARN_NON_LITERAL_NULL_CONVERSION = YES;
				CLANG_WARN_OBJC_IMPLICIT_RETAIN_SELF = YES;
				CLANG_WARN_OBJC_LITERAL_CONVERSION = YES;
				CLANG_WARN_OBJC_ROOT_CLASS = YES_ERROR;
				CLANG_WARN_RANGE_LOOP_ANALYSIS = YES;
				CLANG_WARN_STRICT_PROTOTYPES = YES;
				CLANG_WARN_SUSPICIOUS_MOVE = YES;
				CLANG_WARN_UNGUARDED_AVAILABILITY = YES_AGGRESSIVE;
				CLANG_WARN_UNREACHABLE_CODE = YES;
				CLANG_WARN__DUPLICATE_METHOD_MATCH = YES;
				COPY_PHASE_STRIP = NO;
				DEBUG_INFORMATION_FORMAT = "dwarf-with-dsym";
				ENABLE_NS_ASSERTIONS = NO;
				ENABLE_STRICT_OBJC_MSGSEND = YES;
				GCC_C_LANGUAGE_STANDARD = gnu11;
				GCC_NO_COMMON_BLOCKS = YES;
				GCC_WARN_64_TO_32_BIT_CONVERSION = YES;
				GCC_WARN_ABOUT_RETURN_TYPE = YES_ERROR;
				GCC_WARN_UNDECLARED_SELECTOR = YES;
				GCC_WARN_UNINITIALIZED_AUTOS = YES_AGGRESSIVE;
				GCC_WARN_UNUSED_FUNCTION = YES;
				GCC_WARN_UNUSED_VARIABLE = YES;
				IPHONEOS_DEPLOYMENT_TARGET = 13.4;
				MTL_ENABLE_DEBUG_INFO = NO;
				MTL_FAST_MATH = YES;
				SDKROOT = iphoneos;
				SWIFT_COMPILATION_MODE = wholemodule;
				SWIFT_OPTIMIZATION_LEVEL = "-O";
				VALIDATE_PRODUCT = YES;
			};
			name = Release;
		};
		D347B000243B06A40078607D /* Debug */ = {
			isa = XCBuildConfiguration;
			buildSettings = {
				ASSETCATALOG_COMPILER_APPICON_NAME = AppIcon;
				CODE_SIGN_STYLE = Automatic;
				DEVELOPMENT_ASSET_PATHS = "\"Landmarks/Preview Content\"";
				DEVELOPMENT_TEAM = 769H9Q5337;
				ENABLE_PREVIEWS = YES;
				INFOPLIST_FILE = Landmarks/Info.plist;
				LD_RUNPATH_SEARCH_PATHS = (
					"$(inherited)",
					"@executable_path/Frameworks",
				);
				PRODUCT_BUNDLE_IDENTIFIER = com.tvp.swift.Landmarks;
				PRODUCT_NAME = "$(TARGET_NAME)";
				SWIFT_VERSION = 5.0;
				TARGETED_DEVICE_FAMILY = "1,2";
			};
			name = Debug;
		};
		D347B001243B06A40078607D /* Release */ = {
			isa = XCBuildConfiguration;
			buildSettings = {
				ASSETCATALOG_COMPILER_APPICON_NAME = AppIcon;
				CODE_SIGN_STYLE = Automatic;
				DEVELOPMENT_ASSET_PATHS = "\"Landmarks/Preview Content\"";
				DEVELOPMENT_TEAM = 769H9Q5337;
				ENABLE_PREVIEWS = YES;
				INFOPLIST_FILE = Landmarks/Info.plist;
				LD_RUNPATH_SEARCH_PATHS = (
					"$(inherited)",
					"@executable_path/Frameworks",
				);
				PRODUCT_BUNDLE_IDENTIFIER = com.tvp.swift.Landmarks;
				PRODUCT_NAME = "$(TARGET_NAME)";
				SWIFT_VERSION = 5.0;
				TARGETED_DEVICE_FAMILY = "1,2";
			};
			name = Release;
		};
/* End XCBuildConfiguration section */

/* Begin XCConfigurationList section */
		D347AFE6243B06A00078607D /* Build configuration list for PBXProject "Landmarks" */ = {
			isa = XCConfigurationList;
			buildConfigurations = (
				D347AFFD243B06A40078607D /* Debug */,
				D347AFFE243B06A40078607D /* Release */,
			);
			defaultConfigurationIsVisible = 0;
			defaultConfigurationName = Release;
		};
		D347AFFF243B06A40078607D /* Build configuration list for PBXNativeTarget "Landmarks" */ = {
			isa = XCConfigurationList;
			buildConfigurations = (
				D347B000243B06A40078607D /* Debug */,
				D347B001243B06A40078607D /* Release */,
			);
			defaultConfigurationIsVisible = 0;
			defaultConfigurationName = Release;
		};
/* End XCConfigurationList section */
	};
	rootObject = D347AFE3243B06A00078607D /* Project object */;
}
