// !$*UTF8*$!
{
	archiveVersion = 1;
	classes = {
	};
	objectVersion = 50;
	objects = {

/* Begin PBXBuildFile section */
		D32B83E5243B12B8000E3ACE /* MapView.swift in Sources */ = {isa = PBXBuildFile; fileRef = D32B83E4243B12B8000E3ACE /* MapView.swift */; };
		D347AFEF243B06A00078607D /* AppDelegate.swift in Sources */ = {isa = PBXBuildFile; fileRef = D347AFEE243B06A00078607D /* AppDelegate.swift */; };
		D347AFF1243B06A00078607D /* SceneDelegate.swift in Sources */ = {isa = PBXBuildFile; fileRef = D347AFF0243B06A00078607D /* SceneDelegate.swift */; };
		D347AFF3243B06A00078607D /* ContentView.swift in Sources */ = {isa = PBXBuildFile; fileRef = D347AFF2243B06A00078607D /* ContentView.swift */; };
		D347AFF5243B06A40078607D /* Assets.xcassets in Resources */ = {isa = PBXBuildFile; fileRef = D347AFF4243B06A40078607D /* Assets.xcassets */; };
		D347AFF8243B06A40078607D /* Preview Assets.xcassets in Resources */ = {isa = PBXBuildFile; fileRef = D347AFF7243B06A40078607D /* Preview Assets.xcassets */; };
		D347AFFB243B06A40078607D /* LaunchScreen.storyboard in Resources */ = {isa = PBXBuildFile; fileRef = D347AFF9243B06A40078607D /* LaunchScreen.storyboard */; };
		D347B003243B0BDC0078607D /* CircleImage.swift in Sources */ = {isa = PBXBuildFile; fileRef = D347B002243B0BDC0078607D /* CircleImage.swift */; };
		D37C91FF243B20C50079E106 /* LandmarkDetail.swift in Sources */ = {isa = PBXBuildFile; fileRef = D37C91FE243B20C50079E106 /* LandmarkDetail.swift */; };
		D37C9201243B22160079E106 /* LandmarkRow.swift in Sources */ = {isa = PBXBuildFile; fileRef = D37C9200243B22160079E106 /* LandmarkRow.swift */; };
		D37C921F243B273C0079E106 /* LandmarkList.swift in Sources */ = {isa = PBXBuildFile; fileRef = D37C921E243B273C0079E106 /* LandmarkList.swift */; };
		D3F3C01B243C066B00AAF36B /* Home.swift in Sources */ = {isa = PBXBuildFile; fileRef = D3F3C01A243C066B00AAF36B /* Home.swift */; };
		D3F3C01D243C098400AAF36B /* CategoryRow.swift in Sources */ = {isa = PBXBuildFile; fileRef = D3F3C01C243C098400AAF36B /* CategoryRow.swift */; };
		D3F3C01F243C0E7400AAF36B /* CategoryItem.swift in Sources */ = {isa = PBXBuildFile; fileRef = D3F3C01E243C0E7400AAF36B /* CategoryItem.swift */; };
		D3F3C021243C101400AAF36B /* FeaturedLandmarks.swift in Sources */ = {isa = PBXBuildFile; fileRef = D3F3C020243C101400AAF36B /* FeaturedLandmarks.swift */; };
		D3F3C02A243C1AC300AAF36B /* ProfileHost.swift in Sources */ = {isa = PBXBuildFile; fileRef = D3F3C029243C1AC300AAF36B /* ProfileHost.swift */; };
		D3F3C02E243C1DF700AAF36B /* ProfileSummary.swift in Sources */ = {isa = PBXBuildFile; fileRef = D3F3C02D243C1DF700AAF36B /* ProfileSummary.swift */; };
		D3F3C031243C220B00AAF36B /* Badge.swift in Sources */ = {isa = PBXBuildFile; fileRef = D3F3C030243C220B00AAF36B /* Badge.swift */; };
		D3F3C035243C226300AAF36B /* HexagonParameters.swift in Sources */ = {isa = PBXBuildFile; fileRef = D3F3C034243C226300AAF36B /* HexagonParameters.swift */; };
		D3F3C037243C282600AAF36B /* HikeBadge.swift in Sources */ = {isa = PBXBuildFile; fileRef = D3F3C036243C282600AAF36B /* HikeBadge.swift */; };
		D3F3C03A243C2B3500AAF36B /* HikeView.swift in Sources */ = {isa = PBXBuildFile; fileRef = D3F3C039243C2B3500AAF36B /* HikeView.swift */; };
		D3F3C03C243C30BD00AAF36B /* ProfileEditor.swift in Sources */ = {isa = PBXBuildFile; fileRef = D3F3C03B243C30BD00AAF36B /* ProfileEditor.swift */; };
		D3F3C0CA243C60B200AAF36B /* lakemcdonald.jpg in Resources */ = {isa = PBXBuildFile; fileRef = D3F3C0B9243C60B000AAF36B /* lakemcdonald.jpg */; };
		D3F3C0CB243C60B200AAF36B /* twinlake.jpg in Resources */ = {isa = PBXBuildFile; fileRef = D3F3C0BA243C60B000AAF36B /* twinlake.jpg */; };
		D3F3C0CC243C60B200AAF36B /* charleyrivers.jpg in Resources */ = {isa = PBXBuildFile; fileRef = D3F3C0BB243C60B000AAF36B /* charleyrivers.jpg */; };
		D3F3C0CD243C60B200AAF36B /* hiddenlake.jpg in Resources */ = {isa = PBXBuildFile; fileRef = D3F3C0BC243C60B100AAF36B /* hiddenlake.jpg */; };
		D3F3C0CE243C60B200AAF36B /* turtlerock_feature.jpg in Resources */ = {isa = PBXBuildFile; fileRef = D3F3C0BD243C60B100AAF36B /* turtlerock_feature.jpg */; };
		D3F3C0CF243C60B200AAF36B /* hikeData.json in Resources */ = {isa = PBXBuildFile; fileRef = D3F3C0BE243C60B100AAF36B /* hikeData.json */; };
		D3F3C0D0243C60B200AAF36B /* turtlerock.jpg in Resources */ = {isa = PBXBuildFile; fileRef = D3F3C0BF243C60B100AAF36B /* turtlerock.jpg */; };
		D3F3C0D1243C60B200AAF36B /* stmarylake_feature.jpg in Resources */ = {isa = PBXBuildFile; fileRef = D3F3C0C0243C60B100AAF36B /* stmarylake_feature.jpg */; };
		D3F3C0D2243C60B200AAF36B /* rainbowlake.jpg in Resources */ = {isa = PBXBuildFile; fileRef = D3F3C0C1243C60B100AAF36B /* rainbowlake.jpg */; };
		D3F3C0D3243C60B200AAF36B /* charleyrivers_feature.jpg in Resources */ = {isa = PBXBuildFile; fileRef = D3F3C0C2243C60B100AAF36B /* charleyrivers_feature.jpg */; };
		D3F3C0D4243C60B200AAF36B /* silversalmoncreek.jpg in Resources */ = {isa = PBXBuildFile; fileRef = D3F3C0C3243C60B100AAF36B /* silversalmoncreek.jpg */; };
		D3F3C0D5243C60B200AAF36B /* stmarylake.jpg in Resources */ = {isa = PBXBuildFile; fileRef = D3F3C0C4243C60B200AAF36B /* stmarylake.jpg */; };
		D3F3C0D6243C60B200AAF36B /* chilkoottrail.jpg in Resources */ = {isa = PBXBuildFile; fileRef = D3F3C0C5243C60B200AAF36B /* chilkoottrail.jpg */; };
		D3F3C0D7243C60B200AAF36B /* icybay.jpg in Resources */ = {isa = PBXBuildFile; fileRef = D3F3C0C6243C60B200AAF36B /* icybay.jpg */; };
		D3F3C0D8243C60B200AAF36B /* umbagog.jpg in Resources */ = {isa = PBXBuildFile; fileRef = D3F3C0C7243C60B200AAF36B /* umbagog.jpg */; };
		D3F3C0D9243C60B200AAF36B /* chincoteague.jpg in Resources */ = {isa = PBXBuildFile; fileRef = D3F3C0C8243C60B200AAF36B /* chincoteague.jpg */; };
		D3F3C0DA243C60B200AAF36B /* landmarkData.json in Resources */ = {isa = PBXBuildFile; fileRef = D3F3C0C9243C60B200AAF36B /* landmarkData.json */; };
		D3F3C0E0243C60C300AAF36B /* Hike.swift in Sources */ = {isa = PBXBuildFile; fileRef = D3F3C0DB243C60C200AAF36B /* Hike.swift */; };
		D3F3C0E1243C60C300AAF36B /* UserData.swift in Sources */ = {isa = PBXBuildFile; fileRef = D3F3C0DC243C60C300AAF36B /* UserData.swift */; };
		D3F3C0E2243C60C300AAF36B /* Data.swift in Sources */ = {isa = PBXBuildFile; fileRef = D3F3C0DD243C60C300AAF36B /* Data.swift */; };
		D3F3C0E3243C60C300AAF36B /* Profile.swift in Sources */ = {isa = PBXBuildFile; fileRef = D3F3C0DE243C60C300AAF36B /* Profile.swift */; };
		D3F3C0E4243C60C300AAF36B /* Landmark.swift in Sources */ = {isa = PBXBuildFile; fileRef = D3F3C0DF243C60C300AAF36B /* Landmark.swift */; };
		D3F3C0E7243C611800AAF36B /* FeatureCard.swift in Sources */ = {isa = PBXBuildFile; fileRef = D3F3C0E6243C611800AAF36B /* FeatureCard.swift */; };
		D3F3C0E9243C615900AAF36B /* PageViewController.swift in Sources */ = {isa = PBXBuildFile; fileRef = D3F3C0E8243C615900AAF36B /* PageViewController.swift */; };
		D3F3C0EB243C619C00AAF36B /* PageView.swift in Sources */ = {isa = PBXBuildFile; fileRef = D3F3C0EA243C619C00AAF36B /* PageView.swift */; };
/* End PBXBuildFile section */

/* Begin PBXFileReference section */
		D32B83E4243B12B8000E3ACE /* MapView.swift */ = {isa = PBXFileReference; lastKnownFileType = sourcecode.swift; path = MapView.swift; sourceTree = "<group>"; };
		D347AFEB243B06A00078607D /* Landmarks.app */ = {isa = PBXFileReference; explicitFileType = wrapper.application; includeInIndex = 0; path = Landmarks.app; sourceTree = BUILT_PRODUCTS_DIR; };
		D347AFEE243B06A00078607D /* AppDelegate.swift */ = {isa = PBXFileReference; lastKnownFileType = sourcecode.swift; path = AppDelegate.swift; sourceTree = "<group>"; };
		D347AFF0243B06A00078607D /* SceneDelegate.swift */ = {isa = PBXFileReference; lastKnownFileType = sourcecode.swift; path = SceneDelegate.swift; sourceTree = "<group>"; };
		D347AFF2243B06A00078607D /* ContentView.swift */ = {isa = PBXFileReference; lastKnownFileType = sourcecode.swift; path = ContentView.swift; sourceTree = "<group>"; };
		D347AFF4243B06A40078607D /* Assets.xcassets */ = {isa = PBXFileReference; lastKnownFileType = folder.assetcatalog; path = Assets.xcassets; sourceTree = "<group>"; };
		D347AFF7243B06A40078607D /* Preview Assets.xcassets */ = {isa = PBXFileReference; lastKnownFileType = folder.assetcatalog; path = "Preview Assets.xcassets"; sourceTree = "<group>"; };
		D347AFFA243B06A40078607D /* Base */ = {isa = PBXFileReference; lastKnownFileType = file.storyboard; name = Base; path = Base.lproj/LaunchScreen.storyboard; sourceTree = "<group>"; };
		D347AFFC243B06A40078607D /* Info.plist */ = {isa = PBXFileReference; lastKnownFileType = text.plist.xml; path = Info.plist; sourceTree = "<group>"; };
		D347B002243B0BDC0078607D /* CircleImage.swift */ = {isa = PBXFileReference; lastKnownFileType = sourcecode.swift; path = CircleImage.swift; sourceTree = "<group>"; };
		D37C91FE243B20C50079E106 /* LandmarkDetail.swift */ = {isa = PBXFileReference; lastKnownFileType = sourcecode.swift; path = LandmarkDetail.swift; sourceTree = "<group>"; };
		D37C9200243B22160079E106 /* LandmarkRow.swift */ = {isa = PBXFileReference; lastKnownFileType = sourcecode.swift; path = LandmarkRow.swift; sourceTree = "<group>"; };
		D37C921E243B273C0079E106 /* LandmarkList.swift */ = {isa = PBXFileReference; lastKnownFileType = sourcecode.swift; path = LandmarkList.swift; sourceTree = "<group>"; };
		D3F3C01A243C066B00AAF36B /* Home.swift */ = {isa = PBXFileReference; lastKnownFileType = sourcecode.swift; path = Home.swift; sourceTree = "<group>"; };
		D3F3C01C243C098400AAF36B /* CategoryRow.swift */ = {isa = PBXFileReference; lastKnownFileType = sourcecode.swift; path = CategoryRow.swift; sourceTree = "<group>"; };
		D3F3C01E243C0E7400AAF36B /* CategoryItem.swift */ = {isa = PBXFileReference; lastKnownFileType = sourcecode.swift; path = CategoryItem.swift; sourceTree = "<group>"; };
		D3F3C020243C101400AAF36B /* FeaturedLandmarks.swift */ = {isa = PBXFileReference; lastKnownFileType = sourcecode.swift; path = FeaturedLandmarks.swift; sourceTree = "<group>"; };
		D3F3C029243C1AC300AAF36B /* ProfileHost.swift */ = {isa = PBXFileReference; lastKnownFileType = sourcecode.swift; path = ProfileHost.swift; sourceTree = "<group>"; };
		D3F3C02D243C1DF700AAF36B /* ProfileSummary.swift */ = {isa = PBXFileReference; lastKnownFileType = sourcecode.swift; path = ProfileSummary.swift; sourceTree = "<group>"; };
		D3F3C030243C220B00AAF36B /* Badge.swift */ = {isa = PBXFileReference; lastKnownFileType = sourcecode.swift; path = Badge.swift; sourceTree = "<group>"; };
		D3F3C034243C226300AAF36B /* HexagonParameters.swift */ = {isa = PBXFileReference; lastKnownFileType = sourcecode.swift; path = HexagonParameters.swift; sourceTree = "<group>"; };
		D3F3C036243C282600AAF36B /* HikeBadge.swift */ = {isa = PBXFileReference; lastKnownFileType = sourcecode.swift; path = HikeBadge.swift; sourceTree = "<group>"; };
		D3F3C039243C2B3500AAF36B /* HikeView.swift */ = {isa = PBXFileReference; lastKnownFileType = sourcecode.swift; path = HikeView.swift; sourceTree = "<group>"; };
		D3F3C03B243C30BD00AAF36B /* ProfileEditor.swift */ = {isa = PBXFileReference; lastKnownFileType = sourcecode.swift; path = ProfileEditor.swift; sourceTree = "<group>"; };
		D3F3C0B9243C60B000AAF36B /* lakemcdonald.jpg */ = {isa = PBXFileReference; lastKnownFileType = image.jpeg; path = lakemcdonald.jpg; sourceTree = "<group>"; };
		D3F3C0BA243C60B000AAF36B /* twinlake.jpg */ = {isa = PBXFileReference; lastKnownFileType = image.jpeg; path = twinlake.jpg; sourceTree = "<group>"; };
		D3F3C0BB243C60B000AAF36B /* charleyrivers.jpg */ = {isa = PBXFileReference; lastKnownFileType = image.jpeg; path = charleyrivers.jpg; sourceTree = "<group>"; };
		D3F3C0BC243C60B100AAF36B /* hiddenlake.jpg */ = {isa = PBXFileReference; lastKnownFileType = image.jpeg; path = hiddenlake.jpg; sourceTree = "<group>"; };
		D3F3C0BD243C60B100AAF36B /* turtlerock_feature.jpg */ = {isa = PBXFileReference; lastKnownFileType = image.jpeg; path = turtlerock_feature.jpg; sourceTree = "<group>"; };
		D3F3C0BE243C60B100AAF36B /* hikeData.json */ = {isa = PBXFileReference; fileEncoding = 4; lastKnownFileType = text.json; path = hikeData.json; sourceTree = "<group>"; };
		D3F3C0BF243C60B100AAF36B /* turtlerock.jpg */ = {isa = PBXFileReference; lastKnownFileType = image.jpeg; path = turtlerock.jpg; sourceTree = "<group>"; };
		D3F3C0C0243C60B100AAF36B /* stmarylake_feature.jpg */ = {isa = PBXFileReference; lastKnownFileType = image.jpeg; path = stmarylake_feature.jpg; sourceTree = "<group>"; };
		D3F3C0C1243C60B100AAF36B /* rainbowlake.jpg */ = {isa = PBXFileReference; lastKnownFileType = image.jpeg; path = rainbowlake.jpg; sourceTree = "<group>"; };
		D3F3C0C2243C60B100AAF36B /* charleyrivers_feature.jpg */ = {isa = PBXFileReference; lastKnownFileType = image.jpeg; path = charleyrivers_feature.jpg; sourceTree = "<group>"; };
		D3F3C0C3243C60B100AAF36B /* silversalmoncreek.jpg */ = {isa = PBXFileReference; lastKnownFileType = image.jpeg; path = silversalmoncreek.jpg; sourceTree = "<group>"; };
		D3F3C0C4243C60B200AAF36B /* stmarylake.jpg */ = {isa = PBXFileReference; lastKnownFileType = image.jpeg; path = stmarylake.jpg; sourceTree = "<group>"; };
		D3F3C0C5243C60B200AAF36B /* chilkoottrail.jpg */ = {isa = PBXFileReference; lastKnownFileType = image.jpeg; path = chilkoottrail.jpg; sourceTree = "<group>"; };
		D3F3C0C6243C60B200AAF36B /* icybay.jpg */ = {isa = PBXFileReference; lastKnownFileType = image.jpeg; path = icybay.jpg; sourceTree = "<group>"; };
		D3F3C0C7243C60B200AAF36B /* umbagog.jpg */ = {isa = PBXFileReference; lastKnownFileType = image.jpeg; path = umbagog.jpg; sourceTree = "<group>"; };
		D3F3C0C8243C60B200AAF36B /* chincoteague.jpg */ = {isa = PBXFileReference; lastKnownFileType = image.jpeg; path = chincoteague.jpg; sourceTree = "<group>"; };
		D3F3C0C9243C60B200AAF36B /* landmarkData.json */ = {isa = PBXFileReference; fileEncoding = 4; lastKnownFileType = text.json; path = landmarkData.json; sourceTree = "<group>"; };
		D3F3C0DB243C60C200AAF36B /* Hike.swift */ = {isa = PBXFileReference; fileEncoding = 4; lastKnownFileType = sourcecode.swift; path = Hike.swift; sourceTree = "<group>"; };
		D3F3C0DC243C60C300AAF36B /* UserData.swift */ = {isa = PBXFileReference; fileEncoding = 4; lastKnownFileType = sourcecode.swift; name = UserData.swift; path = ../../../../../Downloads/InterfacingWithUIKit/Complete/Landmarks/Landmarks/Models/UserData.swift; sourceTree = "<group>"; };
		D3F3C0DD243C60C300AAF36B /* Data.swift */ = {isa = PBXFileReference; fileEncoding = 4; lastKnownFileType = sourcecode.swift; path = Data.swift; sourceTree = "<group>"; };
		D3F3C0DE243C60C300AAF36B /* Profile.swift */ = {isa = PBXFileReference; fileEncoding = 4; lastKnownFileType = sourcecode.swift; path = Profile.swift; sourceTree = "<group>"; };
		D3F3C0DF243C60C300AAF36B /* Landmark.swift */ = {isa = PBXFileReference; fileEncoding = 4; lastKnownFileType = sourcecode.swift; path = Landmark.swift; sourceTree = "<group>"; };
		D3F3C0E6243C611800AAF36B /* FeatureCard.swift */ = {isa = PBXFileReference; fileEncoding = 4; lastKnownFileType = sourcecode.swift; path = FeatureCard.swift; sourceTree = "<group>"; };
		D3F3C0E8243C615900AAF36B /* PageViewController.swift */ = {isa = PBXFileReference; lastKnownFileType = sourcecode.swift; path = PageViewController.swift; sourceTree = "<group>"; };
		D3F3C0EA243C619C00AAF36B /* PageView.swift */ = {isa = PBXFileReference; lastKnownFileType = sourcecode.swift; path = PageView.swift; sourceTree = "<group>"; };
/* End PBXFileReference section */

/* Begin PBXFrameworksBuildPhase section */
		D347AFE8243B06A00078607D /* Frameworks */ = {
			isa = PBXFrameworksBuildPhase;
			buildActionMask = 2147483647;
			files = (
			);
			runOnlyForDeploymentPostprocessing = 0;
		};
/* End PBXFrameworksBuildPhase section */

/* Begin PBXGroup section */
		D32B83E8243B1CFC000E3ACE /* Models */ = {
			isa = PBXGroup;
			children = (
				D3F3C0DD243C60C300AAF36B /* Data.swift */,
				D3F3C0DB243C60C200AAF36B /* Hike.swift */,
				D3F3C0DF243C60C300AAF36B /* Landmark.swift */,
				D3F3C0DE243C60C300AAF36B /* Profile.swift */,
				D3F3C0DC243C60C300AAF36B /* UserData.swift */,
			);
			path = Models;
			sourceTree = "<group>";
		};
		D32B83E9243B1D43000E3ACE /* Resources */ = {
			isa = PBXGroup;
			children = (
				D3F3C0C2243C60B100AAF36B /* charleyrivers_feature.jpg */,
				D3F3C0BB243C60B000AAF36B /* charleyrivers.jpg */,
				D3F3C0C5243C60B200AAF36B /* chilkoottrail.jpg */,
				D3F3C0C8243C60B200AAF36B /* chincoteague.jpg */,
				D3F3C0BC243C60B100AAF36B /* hiddenlake.jpg */,
				D3F3C0BE243C60B100AAF36B /* hikeData.json */,
				D3F3C0C6243C60B200AAF36B /* icybay.jpg */,
				D3F3C0B9243C60B000AAF36B /* lakemcdonald.jpg */,
				D3F3C0C9243C60B200AAF36B /* landmarkData.json */,
				D3F3C0C1243C60B100AAF36B /* rainbowlake.jpg */,
				D3F3C0C3243C60B100AAF36B /* silversalmoncreek.jpg */,
				D3F3C0C0243C60B100AAF36B /* stmarylake_feature.jpg */,
				D3F3C0C4243C60B200AAF36B /* stmarylake.jpg */,
				D3F3C0BD243C60B100AAF36B /* turtlerock_feature.jpg */,
				D3F3C0BF243C60B100AAF36B /* turtlerock.jpg */,
				D3F3C0BA243C60B000AAF36B /* twinlake.jpg */,
				D3F3C0C7243C60B200AAF36B /* umbagog.jpg */,
			);
			path = Resources;
			sourceTree = "<group>";
		};
		D347AFE2243B06A00078607D = {
			isa = PBXGroup;
			children = (
				D347AFED243B06A00078607D /* Landmarks */,
				D347AFEC243B06A00078607D /* Products */,
			);
			sourceTree = "<group>";
		};
		D347AFEC243B06A00078607D /* Products */ = {
			isa = PBXGroup;
			children = (
				D347AFEB243B06A00078607D /* Landmarks.app */,
			);
			name = Products;
			sourceTree = "<group>";
		};
		D347AFED243B06A00078607D /* Landmarks */ = {
			isa = PBXGroup;
			children = (
				D3F3C0E5243C611000AAF36B /* Page */,
				D3F3C038243C2B1E00AAF36B /* Animation */,
				D3F3C02F243C21FB00AAF36B /* Badge */,
				D3F3C028243C1A8500AAF36B /* Profile */,
				D32B83E9243B1D43000E3ACE /* Resources */,
				D32B83E8243B1CFC000E3ACE /* Models */,
				D347AFEE243B06A00078607D /* AppDelegate.swift */,
				D347AFF0243B06A00078607D /* SceneDelegate.swift */,
				D347AFF2243B06A00078607D /* ContentView.swift */,
				D347AFF4243B06A40078607D /* Assets.xcassets */,
				D347AFF9243B06A40078607D /* LaunchScreen.storyboard */,
				D347AFFC243B06A40078607D /* Info.plist */,
				D347AFF6243B06A40078607D /* Preview Content */,
				D347B002243B0BDC0078607D /* CircleImage.swift */,
				D32B83E4243B12B8000E3ACE /* MapView.swift */,
				D37C91FE243B20C50079E106 /* LandmarkDetail.swift */,
				D37C9200243B22160079E106 /* LandmarkRow.swift */,
				D37C921E243B273C0079E106 /* LandmarkList.swift */,
				D3F3C01A243C066B00AAF36B /* Home.swift */,
				D3F3C01C243C098400AAF36B /* CategoryRow.swift */,
				D3F3C01E243C0E7400AAF36B /* CategoryItem.swift */,
				D3F3C020243C101400AAF36B /* FeaturedLandmarks.swift */,
			);
			path = Landmarks;
			sourceTree = "<group>";
		};
		D347AFF6243B06A40078607D /* Preview Content */ = {
			isa = PBXGroup;
			children = (
				D347AFF7243B06A40078607D /* Preview Assets.xcassets */,
			);
			path = "Preview Content";
			sourceTree = "<group>";
		};
		D3F3C028243C1A8500AAF36B /* Profile */ = {
			isa = PBXGroup;
			children = (
				D3F3C029243C1AC300AAF36B /* ProfileHost.swift */,
				D3F3C02D243C1DF700AAF36B /* ProfileSummary.swift */,
				D3F3C036243C282600AAF36B /* HikeBadge.swift */,
				D3F3C03B243C30BD00AAF36B /* ProfileEditor.swift */,
			);
			path = Profile;
			sourceTree = "<group>";
		};
		D3F3C02F243C21FB00AAF36B /* Badge */ = {
			isa = PBXGroup;
			children = (
				D3F3C030243C220B00AAF36B /* Badge.swift */,
				D3F3C034243C226300AAF36B /* HexagonParameters.swift */,
			);
			path = Badge;
			sourceTree = "<group>";
		};
		D3F3C038243C2B1E00AAF36B /* Animation */ = {
			isa = PBXGroup;
			children = (
				D3F3C039243C2B3500AAF36B /* HikeView.swift */,
			);
			path = Animation;
			sourceTree = "<group>";
		};
		D3F3C0E5243C611000AAF36B /* Page */ = {
			isa = PBXGroup;
			children = (
				D3F3C0E6243C611800AAF36B /* FeatureCard.swift */,
				D3F3C0E8243C615900AAF36B /* PageViewController.swift */,
				D3F3C0EA243C619C00AAF36B /* PageView.swift */,
			);
			path = Page;
			sourceTree = "<group>";
		};
/* End PBXGroup section */

/* Begin PBXNativeTarget section */
		D347AFEA243B06A00078607D /* Landmarks */ = {
			isa = PBXNativeTarget;
			buildConfigurationList = D347AFFF243B06A40078607D /* Build configuration list for PBXNativeTarget "Landmarks" */;
			buildPhases = (
				D347AFE7243B06A00078607D /* Sources */,
				D347AFE8243B06A00078607D /* Frameworks */,
				D347AFE9243B06A00078607D /* Resources */,
			);
			buildRules = (
			);
			dependencies = (
			);
			name = Landmarks;
			productName = Landmarks;
			productReference = D347AFEB243B06A00078607D /* Landmarks.app */;
			productType = "com.apple.product-type.application";
		};
/* End PBXNativeTarget section */

/* Begin PBXProject section */
		D347AFE3243B06A00078607D /* Project object */ = {
			isa = PBXProject;
			attributes = {
				LastSwiftUpdateCheck = 1140;
				LastUpgradeCheck = 1140;
				ORGANIZATIONNAME = tvphuoc;
				TargetAttributes = {
					D347AFEA243B06A00078607D = {
						CreatedOnToolsVersion = 11.4;
					};
				};
			};
			buildConfigurationList = D347AFE6243B06A00078607D /* Build configuration list for PBXProject "Landmarks" */;
			compatibilityVersion = "Xcode 9.3";
			developmentRegion = en;
			hasScannedForEncodings = 0;
			knownRegions = (
				en,
				Base,
			);
			mainGroup = D347AFE2243B06A00078607D;
			productRefGroup = D347AFEC243B06A00078607D /* Products */;
			projectDirPath = "";
			projectRoot = "";
			targets = (
				D347AFEA243B06A00078607D /* Landmarks */,
			);
		};
/* End PBXProject section */

/* Begin PBXResourcesBuildPhase section */
		D347AFE9243B06A00078607D /* Resources */ = {
			isa = PBXResourcesBuildPhase;
			buildActionMask = 2147483647;
			files = (
				D347AFFB243B06A40078607D /* LaunchScreen.storyboard in Resources */,
				D3F3C0D2243C60B200AAF36B /* rainbowlake.jpg in Resources */,
				D3F3C0CB243C60B200AAF36B /* twinlake.jpg in Resources */,
				D347AFF8243B06A40078607D /* Preview Assets.xcassets in Resources */,
				D3F3C0CC243C60B200AAF36B /* charleyrivers.jpg in Resources */,
				D3F3C0D0243C60B200AAF36B /* turtlerock.jpg in Resources */,
				D3F3C0D8243C60B200AAF36B /* umbagog.jpg in Resources */,
				D3F3C0D5243C60B200AAF36B /* stmarylake.jpg in Resources */,
				D3F3C0D1243C60B200AAF36B /* stmarylake_feature.jpg in Resources */,
				D3F3C0CF243C60B200AAF36B /* hikeData.json in Resources */,
				D3F3C0D6243C60B200AAF36B /* chilkoottrail.jpg in Resources */,
				D3F3C0CA243C60B200AAF36B /* lakemcdonald.jpg in Resources */,
				D3F3C0D3243C60B200AAF36B /* charleyrivers_feature.jpg in Resources */,
				D3F3C0DA243C60B200AAF36B /* landmarkData.json in Resources */,
				D3F3C0D7243C60B200AAF36B /* icybay.jpg in Resources */,
				D347AFF5243B06A40078607D /* Assets.xcassets in Resources */,
				D3F3C0D4243C60B200AAF36B /* silversalmoncreek.jpg in Resources */,
				D3F3C0D9243C60B200AAF36B /* chincoteague.jpg in Resources */,
				D3F3C0CD243C60B200AAF36B /* hiddenlake.jpg in Resources */,
				D3F3C0CE243C60B200AAF36B /* turtlerock_feature.jpg in Resources */,
			);
			runOnlyForDeploymentPostprocessing = 0;
		};
/* End PBXResourcesBuildPhase section */

/* Begin PBXSourcesBuildPhase section */
		D347AFE7243B06A00078607D /* Sources */ = {
			isa = PBXSourcesBuildPhase;
			buildActionMask = 2147483647;
			files = (
				D3F3C035243C226300AAF36B /* HexagonParameters.swift in Sources */,
				D3F3C02A243C1AC300AAF36B /* ProfileHost.swift in Sources */,
				D3F3C031243C220B00AAF36B /* Badge.swift in Sources */,
				D3F3C0E3243C60C300AAF36B /* Profile.swift in Sources */,
				D347AFEF243B06A00078607D /* AppDelegate.swift in Sources */,
				D347B003243B0BDC0078607D /* CircleImage.swift in Sources */,
				D32B83E5243B12B8000E3ACE /* MapView.swift in Sources */,
				D3F3C0EB243C619C00AAF36B /* PageView.swift in Sources */,
				D347AFF1243B06A00078607D /* SceneDelegate.swift in Sources */,
				D3F3C021243C101400AAF36B /* FeaturedLandmarks.swift in Sources */,
				D3F3C037243C282600AAF36B /* HikeBadge.swift in Sources */,
				D3F3C0E1243C60C300AAF36B /* UserData.swift in Sources */,
				D3F3C0E4243C60C300AAF36B /* Landmark.swift in Sources */,
				D3F3C01D243C098400AAF36B /* CategoryRow.swift in Sources */,
				D3F3C0E0243C60C300AAF36B /* Hike.swift in Sources */,
				D3F3C03C243C30BD00AAF36B /* ProfileEditor.swift in Sources */,
				D3F3C03A243C2B3500AAF36B /* HikeView.swift in Sources */,
				D347AFF3243B06A00078607D /* ContentView.swift in Sources */,
				D3F3C0E2243C60C300AAF36B /* Data.swift in Sources */,
				D37C9201243B22160079E106 /* LandmarkRow.swift in Sources */,
				D3F3C0E7243C611800AAF36B /* FeatureCard.swift in Sources */,
				D37C91FF243B20C50079E106 /* LandmarkDetail.swift in Sources */,
				D3F3C01F243C0E7400AAF36B /* CategoryItem.swift in Sources */,
				D37C921F243B273C0079E106 /* LandmarkList.swift in Sources */,
				D3F3C0E9243C615900AAF36B /* PageViewController.swift in Sources */,
				D3F3C02E243C1DF700AAF36B /* ProfileSummary.swift in Sources */,
				D3F3C01B243C066B00AAF36B /* Home.swift in Sources */,
			);
			runOnlyForDeploymentPostprocessing = 0;
		};
/* End PBXSourcesBuildPhase section */

/* Begin PBXVariantGroup section */
		D347AFF9243B06A40078607D /* LaunchScreen.storyboard */ = {
			isa = PBXVariantGroup;
			children = (
				D347AFFA243B06A40078607D /* Base */,
			);
			name = LaunchScreen.storyboard;
			sourceTree = "<group>";
		};
/* End PBXVariantGroup section */

/* Begin XCBuildConfiguration section */
		D347AFFD243B06A40078607D /* Debug */ = {
			isa = XCBuildConfiguration;
			buildSettings = {
				ALWAYS_SEARCH_USER_PATHS = NO;
				CLANG_ANALYZER_NONNULL = YES;
				CLANG_ANALYZER_NUMBER_OBJECT_CONVERSION = YES_AGGRESSIVE;
				CLANG_CXX_LANGUAGE_STANDARD = "gnu++14";
				CLANG_CXX_LIBRARY = "libc++";
				CLANG_ENABLE_MODULES = YES;
				CLANG_ENABLE_OBJC_ARC = YES;
				CLANG_ENABLE_OBJC_WEAK = YES;
				CLANG_WARN_BLOCK_CAPTURE_AUTORELEASING = YES;
				CLANG_WARN_BOOL_CONVERSION = YES;
				CLANG_WARN_COMMA = YES;
				CLANG_WARN_CONSTANT_CONVERSION = YES;
				CLANG_WARN_DEPRECATED_OBJC_IMPLEMENTATIONS = YES;
				CLANG_WARN_DIRECT_OBJC_ISA_USAGE = YES_ERROR;
				CLANG_WARN_DOCUMENTATION_COMMENTS = YES;
				CLANG_WARN_EMPTY_BODY = YES;
				CLANG_WARN_ENUM_CONVERSION = YES;
				CLANG_WARN_INFINITE_RECURSION = YES;
				CLANG_WARN_INT_CONVERSION = YES;
				CLANG_WARN_NON_LITERAL_NULL_CONVERSION = YES;
				CLANG_WARN_OBJC_IMPLICIT_RETAIN_SELF = YES;
				CLANG_WARN_OBJC_LITERAL_CONVERSION = YES;
				CLANG_WARN_OBJC_ROOT_CLASS = YES_ERROR;
				CLANG_WARN_RANGE_LOOP_ANALYSIS = YES;
				CLANG_WARN_STRICT_PROTOTYPES = YES;
				CLANG_WARN_SUSPICIOUS_MOVE = YES;
				CLANG_WARN_UNGUARDED_AVAILABILITY = YES_AGGRESSIVE;
				CLANG_WARN_UNREACHABLE_CODE = YES;
				CLANG_WARN__DUPLICATE_METHOD_MATCH = YES;
				COPY_PHASE_STRIP = NO;
				DEBUG_INFORMATION_FORMAT = dwarf;
				ENABLE_STRICT_OBJC_MSGSEND = YES;
				ENABLE_TESTABILITY = YES;
				GCC_C_LANGUAGE_STANDARD = gnu11;
				GCC_DYNAMIC_NO_PIC = NO;
				GCC_NO_COMMON_BLOCKS = YES;
				GCC_OPTIMIZATION_LEVEL = 0;
				GCC_PREPROCESSOR_DEFINITIONS = (
					"DEBUG=1",
					"$(inherited)",
				);
				GCC_WARN_64_TO_32_BIT_CONVERSION = YES;
				GCC_WARN_ABOUT_RETURN_TYPE = YES_ERROR;
				GCC_WARN_UNDECLARED_SELECTOR = YES;
				GCC_WARN_UNINITIALIZED_AUTOS = YES_AGGRESSIVE;
				GCC_WARN_UNUSED_FUNCTION = YES;
				GCC_WARN_UNUSED_VARIABLE = YES;
				IPHONEOS_DEPLOYMENT_TARGET = 13.4;
				MTL_ENABLE_DEBUG_INFO = INCLUDE_SOURCE;
				MTL_FAST_MATH = YES;
				ONLY_ACTIVE_ARCH = YES;
				SDKROOT = iphoneos;
				SWIFT_ACTIVE_COMPILATION_CONDITIONS = DEBUG;
				SWIFT_OPTIMIZATION_LEVEL = "-Onone";
			};
			name = Debug;
		};
		D347AFFE243B06A40078607D /* Release */ = {
			isa = XCBuildConfiguration;
			buildSettings = {
				ALWAYS_SEARCH_USER_PATHS = NO;
				CLANG_ANALYZER_NONNULL = YES;
				CLANG_ANALYZER_NUMBER_OBJECT_CONVERSION = YES_AGGRESSIVE;
				CLANG_CXX_LANGUAGE_STANDARD = "gnu++14";
				CLANG_CXX_LIBRARY = "libc++";
				CLANG_ENABLE_MODULES = YES;
				CLANG_ENABLE_OBJC_ARC = YES;
				CLANG_ENABLE_OBJC_WEAK = YES;
				CLANG_WARN_BLOCK_CAPTURE_AUTORELEASING = YES;
				CLANG_WARN_BOOL_CONVERSION = YES;
				CLANG_WARN_COMMA = YES;
				CLANG_WARN_CONSTANT_CONVERSION = YES;
				CLANG_WARN_DEPRECATED_OBJC_IMPLEMENTATIONS = YES;
				CLANG_WARN_DIRECT_OBJC_ISA_USAGE = YES_ERROR;
				CLANG_WARN_DOCUMENTATION_COMMENTS = YES;
				CLANG_WARN_EMPTY_BODY = YES;
				CLANG_WARN_ENUM_CONVERSION = YES;
				CLANG_WARN_INFINITE_RECURSION = YES;
				CLANG_WARN_INT_CONVERSION = YES;
				CLANG_WARN_NON_LITERAL_NULL_CONVERSION = YES;
				CLANG_WARN_OBJC_IMPLICIT_RETAIN_SELF = YES;
				CLANG_WARN_OBJC_LITERAL_CONVERSION = YES;
				CLANG_WARN_OBJC_ROOT_CLASS = YES_ERROR;
				CLANG_WARN_RANGE_LOOP_ANALYSIS = YES;
				CLANG_WARN_STRICT_PROTOTYPES = YES;
				CLANG_WARN_SUSPICIOUS_MOVE = YES;
				CLANG_WARN_UNGUARDED_AVAILABILITY = YES_AGGRESSIVE;
				CLANG_WARN_UNREACHABLE_CODE = YES;
				CLANG_WARN__DUPLICATE_METHOD_MATCH = YES;
				COPY_PHASE_STRIP = NO;
				DEBUG_INFORMATION_FORMAT = "dwarf-with-dsym";
				ENABLE_NS_ASSERTIONS = NO;
				ENABLE_STRICT_OBJC_MSGSEND = YES;
				GCC_C_LANGUAGE_STANDARD = gnu11;
				GCC_NO_COMMON_BLOCKS = YES;
				GCC_WARN_64_TO_32_BIT_CONVERSION = YES;
				GCC_WARN_ABOUT_RETURN_TYPE = YES_ERROR;
				GCC_WARN_UNDECLARED_SELECTOR = YES;
				GCC_WARN_UNINITIALIZED_AUTOS = YES_AGGRESSIVE;
				GCC_WARN_UNUSED_FUNCTION = YES;
				GCC_WARN_UNUSED_VARIABLE = YES;
				IPHONEOS_DEPLOYMENT_TARGET = 13.4;
				MTL_ENABLE_DEBUG_INFO = NO;
				MTL_FAST_MATH = YES;
				SDKROOT = iphoneos;
				SWIFT_COMPILATION_MODE = wholemodule;
				SWIFT_OPTIMIZATION_LEVEL = "-O";
				VALIDATE_PRODUCT = YES;
			};
			name = Release;
		};
		D347B000243B06A40078607D /* Debug */ = {
			isa = XCBuildConfiguration;
			buildSettings = {
				ASSETCATALOG_COMPILER_APPICON_NAME = AppIcon;
				CODE_SIGN_STYLE = Automatic;
				DEVELOPMENT_ASSET_PATHS = "\"Landmarks/Preview Content\"";
				DEVELOPMENT_TEAM = 769H9Q5337;
				ENABLE_PREVIEWS = YES;
				INFOPLIST_FILE = Landmarks/Info.plist;
				LD_RUNPATH_SEARCH_PATHS = (
					"$(inherited)",
					"@executable_path/Frameworks",
				);
				PRODUCT_BUNDLE_IDENTIFIER = com.tvp.swift.Landmarks;
				PRODUCT_NAME = "$(TARGET_NAME)";
				SWIFT_VERSION = 5.0;
				TARGETED_DEVICE_FAMILY = "1,2";
			};
			name = Debug;
		};
		D347B001243B06A40078607D /* Release */ = {
			isa = XCBuildConfiguration;
			buildSettings = {
				ASSETCATALOG_COMPILER_APPICON_NAME = AppIcon;
				CODE_SIGN_STYLE = Automatic;
				DEVELOPMENT_ASSET_PATHS = "\"Landmarks/Preview Content\"";
				DEVELOPMENT_TEAM = 769H9Q5337;
				ENABLE_PREVIEWS = YES;
				INFOPLIST_FILE = Landmarks/Info.plist;
				LD_RUNPATH_SEARCH_PATHS = (
					"$(inherited)",
					"@executable_path/Frameworks",
				);
				PRODUCT_BUNDLE_IDENTIFIER = com.tvp.swift.Landmarks;
				PRODUCT_NAME = "$(TARGET_NAME)";
				SWIFT_VERSION = 5.0;
				TARGETED_DEVICE_FAMILY = "1,2";
			};
			name = Release;
		};
/* End XCBuildConfiguration section */

/* Begin XCConfigurationList section */
		D347AFE6243B06A00078607D /* Build configuration list for PBXProject "Landmarks" */ = {
			isa = XCConfigurationList;
			buildConfigurations = (
				D347AFFD243B06A40078607D /* Debug */,
				D347AFFE243B06A40078607D /* Release */,
			);
			defaultConfigurationIsVisible = 0;
			defaultConfigurationName = Release;
		};
		D347AFFF243B06A40078607D /* Build configuration list for PBXNativeTarget "Landmarks" */ = {
			isa = XCConfigurationList;
			buildConfigurations = (
				D347B000243B06A40078607D /* Debug */,
				D347B001243B06A40078607D /* Release */,
			);
			defaultConfigurationIsVisible = 0;
			defaultConfigurationName = Release;
		};
/* End XCConfigurationList section */
	};
	rootObject = D347AFE3243B06A00078607D /* Project object */;
}
